
Microsoft Visual Studio Solution File, Format Version 12.00
# Visual Studio 15
VisualStudioVersion = 15.0.28307.421
MinimumVisualStudioVersion = 10.0.40219.1
Project("{FAE04EC0-301F-11D3-BF4B-00C04F79EFBC}") = "pv03_1702153_Nurfarhan", "pv03_1702153_Nurfarhan\pv03_1702153_Nurfarhan.csproj", "{3308D15A-B189-4364-BCCE-0878431AFA05}"
EndProject
Global
	GlobalSection(SolutionConfigurationPlatforms) = preSolution
		Debug|Any CPU = Debug|Any CPU
		Release|Any CPU = Release|Any CPU
	EndGlobalSection
	GlobalSection(ProjectConfigurationPlatforms) = postSolution
		{3308D15A-B189-4364-BCCE-0878431AFA05}.Debug|Any CPU.ActiveCfg = Debug|Any CPU
		{3308D15A-B189-4364-BCCE-0878431AFA05}.Debug|Any CPU.Build.0 = Debug|Any CPU
		{3308D15A-B189-4364-BCCE-0878431AFA05}.Release|Any CPU.ActiveCfg = Release|Any CPU
		{3308D15A-B189-4364-BCCE-0878431AFA05}.Release|Any CPU.Build.0 = Release|Any CPU
	EndGlobalSection
	GlobalSection(SolutionProperties) = preSolution
		HideSolutionNode = FALSE
	EndGlobalSection
	GlobalSection(ExtensibilityGlobals) = postSolution
		SolutionGuid = {095F57F4-731D-42C3-BDF4-B5C6132B7455}
	EndGlobalSection
EndGlobal
